
Microsoft Visual Studio Solution File, Format Version 11.00
# Visual Studio 2010
Project("{2150E333-8FDC-42A3-9474-1A3956D46DE8}") = "Scripts", "Scripts", "{552C7F45-60B7-4226-ABEE-A2417638F97C}"
	ProjectSection(SolutionItems) = preProject
		Scripts.fsx = Scripts.fsx
	EndProjectSection
EndProject
Project("{F2A71F9B-5D33-465A-A702-920D77279786}") = "NagatoPaint", "NagatoPaint\NagatoPaint.fsproj", "{6992B09D-11B3-4BD6-83AB-4620E1C1A579}"
EndProject
Project("{F2A71F9B-5D33-465A-A702-920D77279786}") = "Base", "Base\Base.fsproj", "{46A9F0BF-B2D5-445A-AAA2-ACD13F0D069B}"
EndProject
Project("{F2A71F9B-5D33-465A-A702-920D77279786}") = "Wpf", "Wpf\Wpf.fsproj", "{886C5A7F-AF77-4F1C-9B76-94DD1B1C866E}"
EndProject
Project("{F2A71F9B-5D33-465A-A702-920D77279786}") = "Ui", "Ui\Ui.fsproj", "{86EAC901-487D-4815-8AD1-07F16F6CEFAC}"
EndProject
Project("{F2A71F9B-5D33-465A-A702-920D77279786}") = "Model", "Model\Model.fsproj", "{BA72B2EE-1805-4012-9910-C8622F2D5592}"
EndProject
Project("{F2A71F9B-5D33-465A-A702-920D77279786}") = "Tool", "Tool\Tool.fsproj", "{FCDFCBE2-A43B-483F-887F-465F82340815}"
EndProject
Project("{F2A71F9B-5D33-465A-A702-920D77279786}") = "Sandbox", "Sandbox\Sandbox.fsproj", "{C2A9CA81-8ED7-4ED3-BBAE-E703A9135E8E}"
EndProject
Global
	GlobalSection(SolutionConfigurationPlatforms) = preSolution
		Debug|Any CPU = Debug|Any CPU
		Debug|Mixed Platforms = Debug|Mixed Platforms
		Debug|x86 = Debug|x86
		Release|Any CPU = Release|Any CPU
		Release|Mixed Platforms = Release|Mixed Platforms
		Release|x86 = Release|x86
	EndGlobalSection
	GlobalSection(ProjectConfigurationPlatforms) = postSolution
		{6992B09D-11B3-4BD6-83AB-4620E1C1A579}.Debug|Any CPU.ActiveCfg = Debug|x86
		{6992B09D-11B3-4BD6-83AB-4620E1C1A579}.Debug|Mixed Platforms.ActiveCfg = Debug|x86
		{6992B09D-11B3-4BD6-83AB-4620E1C1A579}.Debug|Mixed Platforms.Build.0 = Debug|x86
		{6992B09D-11B3-4BD6-83AB-4620E1C1A579}.Debug|x86.ActiveCfg = Debug|x86
		{6992B09D-11B3-4BD6-83AB-4620E1C1A579}.Debug|x86.Build.0 = Debug|x86
		{6992B09D-11B3-4BD6-83AB-4620E1C1A579}.Release|Any CPU.ActiveCfg = Release|x86
		{6992B09D-11B3-4BD6-83AB-4620E1C1A579}.Release|Mixed Platforms.ActiveCfg = Release|x86
		{6992B09D-11B3-4BD6-83AB-4620E1C1A579}.Release|Mixed Platforms.Build.0 = Release|x86
		{6992B09D-11B3-4BD6-83AB-4620E1C1A579}.Release|x86.ActiveCfg = Release|x86
		{6992B09D-11B3-4BD6-83AB-4620E1C1A579}.Release|x86.Build.0 = Release|x86
		{46A9F0BF-B2D5-445A-AAA2-ACD13F0D069B}.Debug|Any CPU.ActiveCfg = Debug|Any CPU
		{46A9F0BF-B2D5-445A-AAA2-ACD13F0D069B}.Debug|Any CPU.Build.0 = Debug|Any CPU
		{46A9F0BF-B2D5-445A-AAA2-ACD13F0D069B}.Debug|Mixed Platforms.ActiveCfg = Debug|Any CPU
		{46A9F0BF-B2D5-445A-AAA2-ACD13F0D069B}.Debug|Mixed Platforms.Build.0 = Debug|Any CPU
		{46A9F0BF-B2D5-445A-AAA2-ACD13F0D069B}.Debug|x86.ActiveCfg = Debug|Any CPU
		{46A9F0BF-B2D5-445A-AAA2-ACD13F0D069B}.Release|Any CPU.ActiveCfg = Release|Any CPU
		{46A9F0BF-B2D5-445A-AAA2-ACD13F0D069B}.Release|Any CPU.Build.0 = Release|Any CPU
		{46A9F0BF-B2D5-445A-AAA2-ACD13F0D069B}.Release|Mixed Platforms.ActiveCfg = Release|Any CPU
		{46A9F0BF-B2D5-445A-AAA2-ACD13F0D069B}.Release|Mixed Platforms.Build.0 = Release|Any CPU
		{46A9F0BF-B2D5-445A-AAA2-ACD13F0D069B}.Release|x86.ActiveCfg = Release|Any CPU
		{886C5A7F-AF77-4F1C-9B76-94DD1B1C866E}.Debug|Any CPU.ActiveCfg = Debug|Any CPU
		{886C5A7F-AF77-4F1C-9B76-94DD1B1C866E}.Debug|Any CPU.Build.0 = Debug|Any CPU
		{886C5A7F-AF77-4F1C-9B76-94DD1B1C866E}.Debug|Mixed Platforms.ActiveCfg = Debug|Any CPU
		{886C5A7F-AF77-4F1C-9B76-94DD1B1C866E}.Debug|Mixed Platforms.Build.0 = Debug|Any CPU
		{886C5A7F-AF77-4F1C-9B76-94DD1B1C866E}.Debug|x86.ActiveCfg = Debug|Any CPU
		{886C5A7F-AF77-4F1C-9B76-94DD1B1C866E}.Release|Any CPU.ActiveCfg = Release|Any CPU
		{886C5A7F-AF77-4F1C-9B76-94DD1B1C866E}.Release|Any CPU.Build.0 = Release|Any CPU
		{886C5A7F-AF77-4F1C-9B76-94DD1B1C866E}.Release|Mixed Platforms.ActiveCfg = Release|Any CPU
		{886C5A7F-AF77-4F1C-9B76-94DD1B1C866E}.Release|Mixed Platforms.Build.0 = Release|Any CPU
		{886C5A7F-AF77-4F1C-9B76-94DD1B1C866E}.Release|x86.ActiveCfg = Release|Any CPU
		{86EAC901-487D-4815-8AD1-07F16F6CEFAC}.Debug|Any CPU.ActiveCfg = Debug|Any CPU
		{86EAC901-487D-4815-8AD1-07F16F6CEFAC}.Debug|Any CPU.Build.0 = Debug|Any CPU
		{86EAC901-487D-4815-8AD1-07F16F6CEFAC}.Debug|Mixed Platforms.ActiveCfg = Debug|Any CPU
		{86EAC901-487D-4815-8AD1-07F16F6CEFAC}.Debug|Mixed Platforms.Build.0 = Debug|Any CPU
		{86EAC901-487D-4815-8AD1-07F16F6CEFAC}.Debug|x86.ActiveCfg = Debug|Any CPU
		{86EAC901-487D-4815-8AD1-07F16F6CEFAC}.Release|Any CPU.ActiveCfg = Release|Any CPU
		{86EAC901-487D-4815-8AD1-07F16F6CEFAC}.Release|Any CPU.Build.0 = Release|Any CPU
		{86EAC901-487D-4815-8AD1-07F16F6CEFAC}.Release|Mixed Platforms.ActiveCfg = Release|Any CPU
		{86EAC901-487D-4815-8AD1-07F16F6CEFAC}.Release|Mixed Platforms.Build.0 = Release|Any CPU
		{86EAC901-487D-4815-8AD1-07F16F6CEFAC}.Release|x86.ActiveCfg = Release|Any CPU
		{BA72B2EE-1805-4012-9910-C8622F2D5592}.Debug|Any CPU.ActiveCfg = Debug|Any CPU
		{BA72B2EE-1805-4012-9910-C8622F2D5592}.Debug|Any CPU.Build.0 = Debug|Any CPU
		{BA72B2EE-1805-4012-9910-C8622F2D5592}.Debug|Mixed Platforms.ActiveCfg = Debug|Any CPU
		{BA72B2EE-1805-4012-9910-C8622F2D5592}.Debug|Mixed Platforms.Build.0 = Debug|Any CPU
		{BA72B2EE-1805-4012-9910-C8622F2D5592}.Debug|x86.ActiveCfg = Debug|Any CPU
		{BA72B2EE-1805-4012-9910-C8622F2D5592}.Release|Any CPU.ActiveCfg = Release|Any CPU
		{BA72B2EE-1805-4012-9910-C8622F2D5592}.Release|Any CPU.Build.0 = Release|Any CPU
		{BA72B2EE-1805-4012-9910-C8622F2D5592}.Release|Mixed Platforms.ActiveCfg = Release|Any CPU
		{BA72B2EE-1805-4012-9910-C8622F2D5592}.Release|Mixed Platforms.Build.0 = Release|Any CPU
		{BA72B2EE-1805-4012-9910-C8622F2D5592}.Release|x86.ActiveCfg = Release|Any CPU
		{FCDFCBE2-A43B-483F-887F-465F82340815}.Debug|Any CPU.ActiveCfg = Debug|Any CPU
		{FCDFCBE2-A43B-483F-887F-465F82340815}.Debug|Any CPU.Build.0 = Debug|Any CPU
		{FCDFCBE2-A43B-483F-887F-465F82340815}.Debug|Mixed Platforms.ActiveCfg = Debug|Any CPU
		{FCDFCBE2-A43B-483F-887F-465F82340815}.Debug|Mixed Platforms.Build.0 = Debug|Any CPU
		{FCDFCBE2-A43B-483F-887F-465F82340815}.Debug|x86.ActiveCfg = Debug|Any CPU
		{FCDFCBE2-A43B-483F-887F-465F82340815}.Release|Any CPU.ActiveCfg = Release|Any CPU
		{FCDFCBE2-A43B-483F-887F-465F82340815}.Release|Any CPU.Build.0 = Release|Any CPU
		{FCDFCBE2-A43B-483F-887F-465F82340815}.Release|Mixed Platforms.ActiveCfg = Release|Any CPU
		{FCDFCBE2-A43B-483F-887F-465F82340815}.Release|Mixed Platforms.Build.0 = Release|Any CPU
		{FCDFCBE2-A43B-483F-887F-465F82340815}.Release|x86.ActiveCfg = Release|Any CPU
		{C2A9CA81-8ED7-4ED3-BBAE-E703A9135E8E}.Debug|Any CPU.ActiveCfg = Debug|x86
		{C2A9CA81-8ED7-4ED3-BBAE-E703A9135E8E}.Debug|Mixed Platforms.ActiveCfg = Debug|x86
		{C2A9CA81-8ED7-4ED3-BBAE-E703A9135E8E}.Debug|Mixed Platforms.Build.0 = Debug|x86
		{C2A9CA81-8ED7-4ED3-BBAE-E703A9135E8E}.Debug|x86.ActiveCfg = Debug|x86
		{C2A9CA81-8ED7-4ED3-BBAE-E703A9135E8E}.Debug|x86.Build.0 = Debug|x86
		{C2A9CA81-8ED7-4ED3-BBAE-E703A9135E8E}.Release|Any CPU.ActiveCfg = Release|x86
		{C2A9CA81-8ED7-4ED3-BBAE-E703A9135E8E}.Release|Mixed Platforms.ActiveCfg = Release|x86
		{C2A9CA81-8ED7-4ED3-BBAE-E703A9135E8E}.Release|Mixed Platforms.Build.0 = Release|x86
		{C2A9CA81-8ED7-4ED3-BBAE-E703A9135E8E}.Release|x86.ActiveCfg = Release|x86
		{C2A9CA81-8ED7-4ED3-BBAE-E703A9135E8E}.Release|x86.Build.0 = Release|x86
	EndGlobalSection
	GlobalSection(SolutionProperties) = preSolution
		HideSolutionNode = FALSE
	EndGlobalSection
EndGlobal
